{
  "nodes": {
    "nixpkgs": {
      "locked": {
        "lastModified": 1771848320,
        "narHash": "sha256-0MAd+0mun3K/Ns8JATeHT1sX28faLII5hVLq0L3BdZU=",
        "owner": "NixOS",
        "repo": "nixpkgs",
        "rev": "2fc6539b481e1d2569f25f8799236694180c0993",
        "type": "github"
      },
      "original": {
        "owner": "NixOS",
        "ref": "nixos-unstable",
        "repo": "nixpkgs",
        "type": "github"
      }
    },
    "nixpkgs_0_10": {
      "flake": false,
      "locked": {
        "lastModified": 1160685323,
        "narHash": "sha256-bmACMwiWp82gQ1SW4OA8zBqg0nX2ZwDmGbpbss37ml0=",
        "owner": "NixOS",
        "repo": "nixpkgs",
        "rev": "129a56627f08b76d3a1b3b15709023843fb25bdc",
        "type": "github"
      },
      "original": {
        "owner": "NixOS",
        "ref": "0.10",
        "repo": "nixpkgs",
        "type": "github"
      }
    },
    "nixpkgs_0_11": {
      "flake": false,
      "locked": {
        "lastModified": 1189549830,
        "narHash": "sha256-9HVdCPolrrPLZhBWxGeyNl9ZGIuL+sahigzOawOOCzA=",
        "owner": "NixOS",
        "repo": "nixpkgs",
        "rev": "7eec5e69f8699d6a4808ac77c434369445d62d37",
        "type": "github"
      },
      "original": {
        "owner": "NixOS",
        "ref": "0.11",
        "repo": "nixpkgs",
        "type": "github"
      }
    },
    "nixpkgs_0_12": {
      "flake": false,
      "locked": {
        "lastModified": 1240608381,
        "narHash": "sha256-EK0Ztl2ABYWqPmWdvSoumUXbtYe5WanGmb6HJWVTPJw=",
        "owner": "NixOS",
        "repo": "nixpkgs",
        "rev": "9e3f729c35abe3999b414e1c2c859b1fd711ab75",
        "type": "github"
      },
      "original": {
        "owner": "NixOS",
        "ref": "0.12",
        "repo": "nixpkgs",
        "type": "github"
      }
    },
    "nixpkgs_0_13": {
      "flake": false,
      "locked": {
        "lastModified": 1265407251,
        "narHash": "sha256-nriKaAQJMtRt709n99YES/+flfmaJac3B5Zge0x3dHg=",
        "owner": "NixOS",
        "repo": "nixpkgs",
        "rev": "aee659e1e20d6571ef40d28740297554ecff6255",
        "type": "github"
      },
      "original": {
        "owner": "NixOS",
        "ref": "0.13",
        "repo": "nixpkgs",
        "type": "github"
      }
    },
    "nixpkgs_0_14": {
      "flake": false,
      "locked": {
        "lastModified": 1338780254,
        "narHash": "sha256-Lax67vhD10KIlk4vmf859D4q74I0x7wcodHmpsYDrHo=",
        "owner": "NixOS",
        "repo": "nixpkgs",
        "rev": "6ed8a76ac64c88df0df3f01b536498983ad5ad23",
        "type": "github"
      },
      "original": {
        "owner": "NixOS",
        "ref": "0.14",
        "repo": "nixpkgs",
        "type": "github"
      }
    },
    "nixpkgs_15_09": {
      "flake": false,
      "locked": {
        "lastModified": 1443642366,
        "narHash": "sha256-VuzP9RfndgC6yhL2U8X6stGULoOHr1HcscympKUgwV4=",
        "owner": "NixOS",
        "repo": "nixpkgs",
        "rev": "9c31c72cafe536e0c21238b2d47a23bfe7d1b033",
        "type": "github"
      },
      "original": {
        "owner": "NixOS",
        "ref": "15.09",
        "repo": "nixpkgs",
        "type": "github"
      }
    },
    "nixpkgs_16_03": {
      "flake": false,
      "locked": {
        "lastModified": 1459461624,
        "narHash": "sha256-2xT+Jmk3mGMY4E+M38iNeCHq12MPNu9ZiYUxZl8sS1Q=",
        "owner": "NixOS",
        "repo": "nixpkgs",
        "rev": "d231868990f8b2d471648d76f07e747f396b9421",
        "type": "github"
      },
      "original": {
        "owner": "NixOS",
        "ref": "16.03",
        "repo": "nixpkgs",
        "type": "github"
      }
    },
    "nixpkgs_16_09": {
      "flake": false,
      "locked": {
        "lastModified": 1475375830,
        "narHash": "sha256-8K9wvu82flzlzpU1uJv/T8IaLGQlsCASwjxGcrVjpbM=",
        "owner": "NixOS",
        "repo": "nixpkgs",
        "rev": "f22817d8d2bc17d2bcdb8ac4308a4bce6f5d1d2b",
        "type": "github"
      },
      "original": {
        "owner": "NixOS",
        "ref": "16.09",
        "repo": "nixpkgs",
        "type": "github"
      }
    },
    "nixpkgs_17_03": {
      "flake": false,
      "locked": {
        "lastModified": 1490891529,
        "narHash": "sha256-AqddK1XlGDcK/xd8ENmDad0wuw/JYSxtV+vj8LPPibs=",
        "owner": "NixOS",
        "repo": "nixpkgs",
        "rev": "1849e695b00a54cda86cb75202240d949c10c7ce",
        "type": "github"
      },
      "original": {
        "owner": "NixOS",
        "ref": "17.03",
        "repo": "nixpkgs",
        "type": "github"
      }
    },
    "nixpkgs_17_09": {
      "flake": false,
      "locked": {
        "lastModified": 1506657975,
        "narHash": "sha256-UI+jQUhxRreVrn2kl7SsUBjFdQiBRv2CXRLScBMk/U4=",
        "owner": "NixOS",
        "repo": "nixpkgs",
        "rev": "39cd40f7bea40116ecb756d46a687bfd0d2e550e",
        "type": "github"
      },
      "original": {
        "owner": "NixOS",
        "ref": "17.09",
        "repo": "nixpkgs",
        "type": "github"
      }
    },
    "nixpkgs_18_03": {
      "flake": false,
      "locked": {
        "lastModified": 1522825351,
        "narHash": "sha256-jtxfSXmc07z8U3l0+TuUCSHcd8BgkapvUzjUN7fwZEI=",
        "owner": "NixOS",
        "repo": "nixpkgs",
        "rev": "120b013e0c082d58a5712cde0a7371ae8b25a601",
        "type": "github"
      },
      "original": {
        "owner": "NixOS",
        "ref": "18.03",
        "repo": "nixpkgs",
        "type": "github"
      }
    },
    "nixpkgs_18_09": {
      "flake": false,
      "locked": {
        "lastModified": 1538778799,
        "narHash": "sha256-7X4jp9lLB0pDxIK/btVHnH9/+ET7uL9MtmWDoBU0acU=",
        "owner": "NixOS",
        "repo": "nixpkgs",
        "rev": "6a3f5bcb061e1822f50e299f5616a0731636e4e7",
        "type": "github"
      },
      "original": {
        "owner": "NixOS",
        "ref": "18.09",
        "repo": "nixpkgs",
        "type": "github"
      }
    },
    "nixpkgs_19_03": {
      "flake": false,
      "locked": {
        "lastModified": 1554754129,
        "narHash": "sha256-vhXFo18tl7IOppyjeDRUDSa75OMepO+TwD6p5yEWVWA=",
        "owner": "NixOS",
        "repo": "nixpkgs",
        "rev": "f52505fac8c82716872a616c501ad9eff188f97f",
        "type": "github"
      },
      "original": {
        "owner": "NixOS",
        "ref": "19.03",
        "repo": "nixpkgs",
        "type": "github"
      }
    },
    "nixpkgs_19_09": {
      "flake": false,
      "locked": {
        "lastModified": 1570630026,
        "narHash": "sha256-IjHyx3uz9jYBh5R9v6lea5Hd/F6iYTBcyHkXHwSGGFY=",
        "owner": "NixOS",
        "repo": "nixpkgs",
        "rev": "d5291756487d70bc336e33512a9baf9fa1788faf",
        "type": "github"
      },
      "original": {
        "owner": "NixOS",
        "ref": "19.09",
        "repo": "nixpkgs",
        "type": "github"
      }
    },
    "nixpkgs_20_03": {
      "flake": false,
      "locked": {
        "lastModified": 1587398327,
        "narHash": "sha256-mEKkeLgUrzAsdEaJ/1wdvYn0YZBAKEG3AN21koD2AgU=",
        "owner": "NixOS",
        "repo": "nixpkgs",
        "rev": "5272327b81ed355bbed5659b8d303cf2979b6953",
        "type": "github"
      },
      "original": {
        "owner": "NixOS",
        "ref": "20.03",
        "repo": "nixpkgs",
        "type": "github"
      }
    },
    "nixpkgs_20_09": {
      "locked": {
        "lastModified": 1603791972,
        "narHash": "sha256-nj2SvACFH+NERpye1kudcuygCcvnsZYv26M2+wgM5vE=",
        "owner": "NixOS",
        "repo": "nixpkgs",
        "rev": "cd63096d6d887d689543a0b97743d28995bc9bc3",
        "type": "github"
      },
      "original": {
        "owner": "NixOS",
        "ref": "20.09",
        "repo": "nixpkgs",
        "type": "github"
      }
    },
    "nixpkgs_21_05": {
      "locked": {
        "lastModified": 1622516815,
        "narHash": "sha256-ZjBd81a6J3TwtlBr3rHsZspYUwT9OdhDk+a/SgSEf7I=",
        "owner": "NixOS",
        "repo": "nixpkgs",
        "rev": "7e9b0dff974c89e070da1ad85713ff3c20b0ca97",
        "type": "github"
      },
      "original": {
        "owner": "NixOS",
        "ref": "21.05",
        "repo": "nixpkgs",
        "type": "github"
      }
    },
    "nixpkgs_21_11": {
      "locked": {
        "lastModified": 1638239011,
        "narHash": "sha256-AjhmbT4UBlJWqxY0ea8a6GU2C2HdKUREkG43oRr3TZg=",
        "owner": "NixOS",
        "repo": "nixpkgs",
        "rev": "a7ecde854aee5c4c7cd6177f54a99d2c1ff28a31",
        "type": "github"
      },
      "original": {
        "owner": "NixOS",
        "ref": "21.11",
        "repo": "nixpkgs",
        "type": "github"
      }
    },
    "nixpkgs_22_05": {
      "locked": {
        "lastModified": 1653936696,
        "narHash": "sha256-M6bJShji9AIDZ7Kh7CPwPBPb/T7RiVev2PAcOi4fxDQ=",
        "owner": "NixOS",
        "repo": "nixpkgs",
        "rev": "ce6aa13369b667ac2542593170993504932eb836",
        "type": "github"
      },
      "original": {
        "owner": "NixOS",
        "ref": "22.05",
        "repo": "nixpkgs",
        "type": "github"
      }
    },
    "nixpkgs_22_11": {
      "locked": {
        "lastModified": 1669833724,
        "narHash": "sha256-/HEZNyGbnQecrgJnfE8d0WC5c1xuPSD2LUpB6YXlg4c=",
        "owner": "NixOS",
        "repo": "nixpkgs",
        "rev": "4d2b37a84fad1091b9de401eb450aae66f1a741e",
        "type": "github"
      },
      "original": {
        "owner": "NixOS",
        "ref": "22.11",
        "repo": "nixpkgs",
        "type": "github"
      }
    },
    "nixpkgs_23_05": {
      "locked": {
        "lastModified": 1685566663,
        "narHash": "sha256-btHN1czJ6rzteeCuE/PNrdssqYD2nIA4w48miQAFloM=",
        "owner": "NixOS",
        "repo": "nixpkgs",
        "rev": "4ecab3273592f27479a583fb6d975d4aba3486fe",
        "type": "github"
      },
      "original": {
        "owner": "NixOS",
        "ref": "23.05",
        "repo": "nixpkgs",
        "type": "github"
      }
    },
    "nixpkgs_23_11": {
      "locked": {
        "lastModified": 1701282334,
        "narHash": "sha256-MxCVrXY6v4QmfTwIysjjaX0XUhqBbxTWWB4HXtDYsdk=",
        "owner": "NixOS",
        "repo": "nixpkgs",
        "rev": "057f9aecfb71c4437d2b27d3323df7f93c010b7e",
        "type": "github"
      },
      "original": {
        "owner": "NixOS",
        "ref": "23.11",
        "repo": "nixpkgs",
        "type": "github"
      }
    },
    "nixpkgs_24_05": {
      "locked": {
        "lastModified": 1717179513,
        "narHash": "sha256-vboIEwIQojofItm2xGCdZCzW96U85l9nDW3ifMuAIdM=",
        "owner": "NixOS",
        "repo": "nixpkgs",
        "rev": "63dacb46bf939521bdc93981b4cbb7ecb58427a0",
        "type": "github"
      },
      "original": {
        "owner": "NixOS",
        "ref": "24.05",
        "repo": "nixpkgs",
        "type": "github"
      }
    },
    "nixpkgs_24_11": {
      "locked": {
        "lastModified": 1731603435,
        "narHash": "sha256-CqCX4JG7UiHvkrBTpYC3wcEurvbtTADLbo3Ns2CEoL8=",
        "owner": "NixOS",
        "repo": "nixpkgs",
        "rev": "8b27c1239e5c421a2bbc2c65d52e4a6fbf2ff296",
        "type": "github"
      },
      "original": {
        "owner": "NixOS",
        "ref": "24.11",
        "repo": "nixpkgs",
        "type": "github"
      }
    },
    "nixpkgs_25_05": {
      "locked": {
        "lastModified": 1748026580,
        "narHash": "sha256-rWtXrcIzU5wm/C8F9LWvUfBGu5U5E7cFzPYT1pHIJaQ=",
        "owner": "NixOS",
        "repo": "nixpkgs",
        "rev": "11cb3517b3af6af300dd6c055aeda73c9bf52c48",
        "type": "github"
      },
      "original": {
        "owner": "NixOS",
        "ref": "25.05",
        "repo": "nixpkgs",
        "type": "github"
      }
    },
    "nixpkgs_25_11": {
      "locked": {
        "lastModified": 1764521362,
        "narHash": "sha256-M101xMtWdF1eSD0xhiR8nG8CXRlHmv6V+VoY65Smwf4=",
        "owner": "NixOS",
        "repo": "nixpkgs",
        "rev": "871b9fd269ff6246794583ce4ee1031e1da71895",
        "type": "github"
      },
      "original": {
        "owner": "NixOS",
        "ref": "25.11",
        "repo": "nixpkgs",
        "type": "github"
      }
    },
    "nixpkgs_2ad6c9c6c215d48bd1524e8f281ede8bfea1e2dd": {
      "flake": false,
      "locked": {
        "lastModified": 1292196910,
        "narHash": "sha256-TLuwKeZp6ElbBb42JHEzCVtgDPv7O+7TqJZHjBnzftU=",
        "owner": "NixOS",
        "repo": "nixpkgs",
        "rev": "2ad6c9c6c215d48bd1524e8f281ede8bfea1e2dd",
        "type": "github"
      },
      "original": {
        "owner": "NixOS",
        "repo": "nixpkgs",
        "rev": "2ad6c9c6c215d48bd1524e8f281ede8bfea1e2dd",
        "type": "github"
      }
    },
    "nixpkgs_last_glibc_2_13": {
      "flake": false,
      "locked": {
        "lastModified": 1362692393,
        "narHash": "sha256-zkveqo/fcbrl+7jJjei+Ea2inR24WHKdhTCd5zMiTjQ=",
        "owner": "NixOS",
        "repo": "nixpkgs",
        "rev": "197f6c6c4ce0c284afa437130f096d4ab7f755f1",
        "type": "github"
      },
      "original": {
        "owner": "NixOS",
        "ref": "last-glibc-2.13",
        "repo": "nixpkgs",
        "type": "github"
      }
    },
    "root": {
      "inputs": {
        "nixpkgs": "nixpkgs",
        "nixpkgs_0_10": "nixpkgs_0_10",
        "nixpkgs_0_11": "nixpkgs_0_11",
        "nixpkgs_0_12": "nixpkgs_0_12",
        "nixpkgs_0_13": "nixpkgs_0_13",
        "nixpkgs_0_14": "nixpkgs_0_14",
        "nixpkgs_15_09": "nixpkgs_15_09",
        "nixpkgs_16_03": "nixpkgs_16_03",
        "nixpkgs_16_09": "nixpkgs_16_09",
        "nixpkgs_17_03": "nixpkgs_17_03",
        "nixpkgs_17_09": "nixpkgs_17_09",
        "nixpkgs_18_03": "nixpkgs_18_03",
        "nixpkgs_18_09": "nixpkgs_18_09",
        "nixpkgs_19_03": "nixpkgs_19_03",
        "nixpkgs_19_09": "nixpkgs_19_09",
        "nixpkgs_20_03": "nixpkgs_20_03",
        "nixpkgs_20_09": "nixpkgs_20_09",
        "nixpkgs_21_05": "nixpkgs_21_05",
        "nixpkgs_21_11": "nixpkgs_21_11",
        "nixpkgs_22_05": "nixpkgs_22_05",
        "nixpkgs_22_11": "nixpkgs_22_11",
        "nixpkgs_23_05": "nixpkgs_23_05",
        "nixpkgs_23_11": "nixpkgs_23_11",
        "nixpkgs_24_05": "nixpkgs_24_05",
        "nixpkgs_24_11": "nixpkgs_24_11",
        "nixpkgs_25_05": "nixpkgs_25_05",
        "nixpkgs_25_11": "nixpkgs_25_11",
        "nixpkgs_2ad6c9c6c215d48bd1524e8f281ede8bfea1e2dd": "nixpkgs_2ad6c9c6c215d48bd1524e8f281ede8bfea1e2dd",
        "nixpkgs_last_glibc_2_13": "nixpkgs_last_glibc_2_13"
      }
    }
  },
  "root": "root",
  "version": 7
}
